
Microsoft Visual Studio Solution File, Format Version 12.00
# Visual Studio Version 17
VisualStudioVersion = 17.9.34728.123
MinimumVisualStudioVersion = 10.0.40219.1
Project("{FAE04EC0-301F-11D3-BF4B-00C04F79EFBC}") = "prac1", "prac1\prac1.csproj", "{0D22B1ED-401C-4B7C-8364-16E7680D6B91}"
EndProject
Global
	GlobalSection(SolutionConfigurationPlatforms) = preSolution
		Debug|Any CPU = Debug|Any CPU
		Release|Any CPU = Release|Any CPU
	EndGlobalSection
	GlobalSection(ProjectConfigurationPlatforms) = postSolution
		{0D22B1ED-401C-4B7C-8364-16E7680D6B91}.Debug|Any CPU.ActiveCfg = Debug|Any CPU
		{0D22B1ED-401C-4B7C-8364-16E7680D6B91}.Debug|Any CPU.Build.0 = Debug|Any CPU
		{0D22B1ED-401C-4B7C-8364-16E7680D6B91}.Release|Any CPU.ActiveCfg = Release|Any CPU
		{0D22B1ED-401C-4B7C-8364-16E7680D6B91}.Release|Any CPU.Build.0 = Release|Any CPU
	EndGlobalSection
	GlobalSection(SolutionProperties) = preSolution
		HideSolutionNode = FALSE
	EndGlobalSection
	GlobalSection(ExtensibilityGlobals) = postSolution
		SolutionGuid = {758B903D-9D23-4882-AE42-24157EA4C1BD}
	EndGlobalSection
EndGlobal
