
Microsoft Visual Studio Solution File, Format Version 12.00
# Visual Studio Version 17
VisualStudioVersion = 17.9.34728.123
MinimumVisualStudioVersion = 10.0.40219.1
Project("{FAE04EC0-301F-11D3-BF4B-00C04F79EFBC}") = "EmployeeSalesAsc", "EmployeeSalesAsc\EmployeeSalesAsc.csproj", "{DD64FCC7-E97E-44EF-A832-8AEDB5CB59CF}"
EndProject
Global
	GlobalSection(SolutionConfigurationPlatforms) = preSolution
		Debug|Any CPU = Debug|Any CPU
		Release|Any CPU = Release|Any CPU
	EndGlobalSection
	GlobalSection(ProjectConfigurationPlatforms) = postSolution
		{DD64FCC7-E97E-44EF-A832-8AEDB5CB59CF}.Debug|Any CPU.ActiveCfg = Debug|Any CPU
		{DD64FCC7-E97E-44EF-A832-8AEDB5CB59CF}.Debug|Any CPU.Build.0 = Debug|Any CPU
		{DD64FCC7-E97E-44EF-A832-8AEDB5CB59CF}.Release|Any CPU.ActiveCfg = Release|Any CPU
		{DD64FCC7-E97E-44EF-A832-8AEDB5CB59CF}.Release|Any CPU.Build.0 = Release|Any CPU
	EndGlobalSection
	GlobalSection(SolutionProperties) = preSolution
		HideSolutionNode = FALSE
	EndGlobalSection
	GlobalSection(ExtensibilityGlobals) = postSolution
		SolutionGuid = {B840F7D4-AA43-466A-83A0-C62C1AD153A2}
	EndGlobalSection
EndGlobal
