
Microsoft Visual Studio Solution File, Format Version 12.00
# Visual Studio Version 17
VisualStudioVersion = 17.9.34728.123
MinimumVisualStudioVersion = 10.0.40219.1
Project("{FAE04EC0-301F-11D3-BF4B-00C04F79EFBC}") = "Transactions", "Transactions\Transactions.csproj", "{62BD869F-E81F-43A4-B87E-C7F29511CC4E}"
EndProject
Global
	GlobalSection(SolutionConfigurationPlatforms) = preSolution
		Debug|Any CPU = Debug|Any CPU
		Release|Any CPU = Release|Any CPU
	EndGlobalSection
	GlobalSection(ProjectConfigurationPlatforms) = postSolution
		{62BD869F-E81F-43A4-B87E-C7F29511CC4E}.Debug|Any CPU.ActiveCfg = Debug|Any CPU
		{62BD869F-E81F-43A4-B87E-C7F29511CC4E}.Debug|Any CPU.Build.0 = Debug|Any CPU
		{62BD869F-E81F-43A4-B87E-C7F29511CC4E}.Release|Any CPU.ActiveCfg = Release|Any CPU
		{62BD869F-E81F-43A4-B87E-C7F29511CC4E}.Release|Any CPU.Build.0 = Release|Any CPU
	EndGlobalSection
	GlobalSection(SolutionProperties) = preSolution
		HideSolutionNode = FALSE
	EndGlobalSection
	GlobalSection(ExtensibilityGlobals) = postSolution
		SolutionGuid = {567CD4EB-FA98-42FB-999C-864FECB77BE0}
	EndGlobalSection
EndGlobal
