
Microsoft Visual Studio Solution File, Format Version 12.00
# Visual Studio Version 17
VisualStudioVersion = 17.9.34728.123
MinimumVisualStudioVersion = 10.0.40219.1
Project("{FAE04EC0-301F-11D3-BF4B-00C04F79EFBC}") = "Banking", "Banking\Banking.csproj", "{9DCE2F09-D6D6-40B7-AE7F-C4596B524635}"
EndProject
Global
	GlobalSection(SolutionConfigurationPlatforms) = preSolution
		Debug|Any CPU = Debug|Any CPU
		Release|Any CPU = Release|Any CPU
	EndGlobalSection
	GlobalSection(ProjectConfigurationPlatforms) = postSolution
		{9DCE2F09-D6D6-40B7-AE7F-C4596B524635}.Debug|Any CPU.ActiveCfg = Debug|Any CPU
		{9DCE2F09-D6D6-40B7-AE7F-C4596B524635}.Debug|Any CPU.Build.0 = Debug|Any CPU
		{9DCE2F09-D6D6-40B7-AE7F-C4596B524635}.Release|Any CPU.ActiveCfg = Release|Any CPU
		{9DCE2F09-D6D6-40B7-AE7F-C4596B524635}.Release|Any CPU.Build.0 = Release|Any CPU
	EndGlobalSection
	GlobalSection(SolutionProperties) = preSolution
		HideSolutionNode = FALSE
	EndGlobalSection
	GlobalSection(ExtensibilityGlobals) = postSolution
		SolutionGuid = {F350AB73-1BB2-499C-843C-F52CFB882EC0}
	EndGlobalSection
EndGlobal
