
Microsoft Visual Studio Solution File, Format Version 12.00
# Visual Studio Version 17
VisualStudioVersion = 17.9.34728.123
MinimumVisualStudioVersion = 10.0.40219.1
Project("{FAE04EC0-301F-11D3-BF4B-00C04F79EFBC}") = "ProductDetails", "ProductDetails\ProductDetails.csproj", "{BBCED749-A827-4E59-BA5E-29212E23D8F2}"
EndProject
Global
	GlobalSection(SolutionConfigurationPlatforms) = preSolution
		Debug|Any CPU = Debug|Any CPU
		Release|Any CPU = Release|Any CPU
	EndGlobalSection
	GlobalSection(ProjectConfigurationPlatforms) = postSolution
		{BBCED749-A827-4E59-BA5E-29212E23D8F2}.Debug|Any CPU.ActiveCfg = Debug|Any CPU
		{BBCED749-A827-4E59-BA5E-29212E23D8F2}.Debug|Any CPU.Build.0 = Debug|Any CPU
		{BBCED749-A827-4E59-BA5E-29212E23D8F2}.Release|Any CPU.ActiveCfg = Release|Any CPU
		{BBCED749-A827-4E59-BA5E-29212E23D8F2}.Release|Any CPU.Build.0 = Release|Any CPU
	EndGlobalSection
	GlobalSection(SolutionProperties) = preSolution
		HideSolutionNode = FALSE
	EndGlobalSection
	GlobalSection(ExtensibilityGlobals) = postSolution
		SolutionGuid = {64E82AA9-44ED-4214-9B42-5F658613F9E2}
	EndGlobalSection
EndGlobal
