
Microsoft Visual Studio Solution File, Format Version 12.00
# Visual Studio Version 17
VisualStudioVersion = 17.9.34728.123
MinimumVisualStudioVersion = 10.0.40219.1
Project("{FAE04EC0-301F-11D3-BF4B-00C04F79EFBC}") = "EmployeeDetails", "EmployeeDetails\EmployeeDetails.csproj", "{1DCE3DEE-FE76-4AE5-A8E6-04C84BD581BD}"
EndProject
Global
	GlobalSection(SolutionConfigurationPlatforms) = preSolution
		Debug|Any CPU = Debug|Any CPU
		Release|Any CPU = Release|Any CPU
	EndGlobalSection
	GlobalSection(ProjectConfigurationPlatforms) = postSolution
		{1DCE3DEE-FE76-4AE5-A8E6-04C84BD581BD}.Debug|Any CPU.ActiveCfg = Debug|Any CPU
		{1DCE3DEE-FE76-4AE5-A8E6-04C84BD581BD}.Debug|Any CPU.Build.0 = Debug|Any CPU
		{1DCE3DEE-FE76-4AE5-A8E6-04C84BD581BD}.Release|Any CPU.ActiveCfg = Release|Any CPU
		{1DCE3DEE-FE76-4AE5-A8E6-04C84BD581BD}.Release|Any CPU.Build.0 = Release|Any CPU
	EndGlobalSection
	GlobalSection(SolutionProperties) = preSolution
		HideSolutionNode = FALSE
	EndGlobalSection
	GlobalSection(ExtensibilityGlobals) = postSolution
		SolutionGuid = {08A98828-3B1C-454E-827D-1FB7EA3EDEFD}
	EndGlobalSection
EndGlobal
